
Microsoft Visual Studio Solution File, Format Version 12.00
# Visual Studio Version 16
VisualStudioVersion = 16.0.31515.178
MinimumVisualStudioVersion = 10.0.40219.1
Project("{8BC9CEB8-8B4A-11D0-8D11-00A0C91BC942}") = "Sandbox", "Sandbox\Sandbox.vcxproj", "{99466AC6-0730-4EDB-AF6E-9C20A7803E1E}"
EndProject
Project("{8BC9CEB8-8B4A-11D0-8D11-00A0C91BC942}") = "WorldClock", "WorldClock\WorldClock.vcxproj", "{DC2284EF-A49A-43DA-8E73-2554B0FADB62}"
EndProject
Global
	GlobalSection(SolutionConfigurationPlatforms) = preSolution
		Debug|x64 = Debug|x64
		Release|x64 = Release|x64
	EndGlobalSection
	GlobalSection(ProjectConfigurationPlatforms) = postSolution
		{DC2284EF-A49A-43DA-8E73-2554B0FADB62}.Debug|x64.ActiveCfg = Debug|x64
		{DC2284EF-A49A-43DA-8E73-2554B0FADB62}.Debug|x64.Build.0 = Debug|x64
		{DC2284EF-A49A-43DA-8E73-2554B0FADB62}.Release|x64.ActiveCfg = Release|x64
		{DC2284EF-A49A-43DA-8E73-2554B0FADB62}.Release|x64.Build.0 = Release|x64
		{99466AC6-0730-4EDB-AF6E-9C20A7803E1E}.Debug|x64.ActiveCfg = Debug|x64
		{99466AC6-0730-4EDB-AF6E-9C20A7803E1E}.Debug|x64.Build.0 = Debug|x64
		{99466AC6-0730-4EDB-AF6E-9C20A7803E1E}.Release|x64.ActiveCfg = Release|x64
		{99466AC6-0730-4EDB-AF6E-9C20A7803E1E}.Release|x64.Build.0 = Release|x64
	EndGlobalSection
	GlobalSection(SolutionProperties) = preSolution
		HideSolutionNode = FALSE
	EndGlobalSection
	GlobalSection(ExtensibilityGlobals) = postSolution
		SolutionGuid = {05E0376F-F809-4D13-9CFD-04CB14464E61}
	EndGlobalSection
EndGlobal
