<?xml version="1.0" encoding="utf-8"?>
<Project ToolsVersion="4.0" xmlns="http://schemas.microsoft.com/developer/msbuild/2003">
  <ItemGroup>
    <Filter Include="WorldClock">
      <UniqueIdentifier>{79055AB4-65BD-9B01-CEC4-745DBA9B36F2}</UniqueIdentifier>
    </Filter>
    <Filter Include="WorldClock\Events">
      <UniqueIdentifier>{3DAFD5CA-A9C5-D360-F23C-5F825E92A4E8}</UniqueIdentifier>
    </Filter>
  </ItemGroup>
  <ItemGroup>
    <ClInclude Include="src\PreCompiledHeaders.h" />
    <ClInclude Include="src\WorldClock.h" />
    <ClInclude Include="src\WorldClock\Application.h">
      <Filter>WorldClock</Filter>
    </ClInclude>
    <ClInclude Include="src\WorldClock\Core.h">
      <Filter>WorldClock</Filter>
    </ClInclude>
    <ClInclude Include="src\WorldClock\EntryPoint.h">
      <Filter>WorldClock</Filter>
    </ClInclude>
    <ClInclude Include="src\WorldClock\Events\ApplicationEvent.h">
      <Filter>WorldClock\Events</Filter>
    </ClInclude>
    <ClInclude Include="src\WorldClock\Events\Event.h">
      <Filter>WorldClock\Events</Filter>
    </ClInclude>
    <ClInclude Include="src\WorldClock\Events\KeyEvent.h">
      <Filter>WorldClock\Events</Filter>
    </ClInclude>
    <ClInclude Include="src\WorldClock\Events\MouseEvent.h">
      <Filter>WorldClock\Events</Filter>
    </ClInclude>
    <ClInclude Include="src\WorldClock\Log.h">
      <Filter>WorldClock</Filter>
    </ClInclude>
  </ItemGroup>
  <ItemGroup>
    <ClCompile Include="src\PreCompiledHeaders.cpp" />
    <ClCompile Include="src\WorldClock\Application.cpp">
      <Filter>WorldClock</Filter>
    </ClCompile>
    <ClCompile Include="src\WorldClock\Log.cpp">
      <Filter>WorldClock</Filter>
    </ClCompile>
  </ItemGroup>
</Project>